// !$*UTF8*$!
{
	archiveVersion = 1;
	classes = {
	};
	objectVersion = 46;
	objects = {

/* Begin PBXBuildFile section */
		8B6721991E1E67600060E05B /* main.m in Sources */ = {isa = PBXBuildFile; fileRef = 8B6721981E1E67600060E05B /* main.m */; };
		8B67219C1E1E67600060E05B /* AppDelegate.m in Sources */ = {isa = PBXBuildFile; fileRef = 8B67219B1E1E67600060E05B /* AppDelegate.m */; };
		8B6721A21E1E67600060E05B /* Main.storyboard in Resources */ = {isa = PBXBuildFile; fileRef = 8B6721A01E1E67600060E05B /* Main.storyboard */; };
		8B6721A41E1E67600060E05B /* Assets.xcassets in Resources */ = {isa = PBXBuildFile; fileRef = 8B6721A31E1E67600060E05B /* Assets.xcassets */; };
		8B6721A71E1E67600060E05B /* LaunchScreen.storyboard in Resources */ = {isa = PBXBuildFile; fileRef = 8B6721A51E1E67600060E05B /* LaunchScreen.storyboard */; };
		8BA3E2791E981C67000F1D3D /* KGCollectionViewViewController.m in Sources */ = {isa = PBXBuildFile; fileRef = 8BA3E2781E981C67000F1D3D /* KGCollectionViewViewController.m */; };
		8BA3E2851E98E112000F1D3D /* KGSectionHeaderView.m in Sources */ = {isa = PBXBuildFile; fileRef = 8BA3E2831E98E112000F1D3D /* KGSectionHeaderView.m */; };
		8BA3E2861E98E112000F1D3D /* KGSectionHeaderView.xib in Resources */ = {isa = PBXBuildFile; fileRef = 8BA3E2841E98E112000F1D3D /* KGSectionHeaderView.xib */; };
		8BA3E28A1E98E1D5000F1D3D /* KGCollectionViewCell.m in Sources */ = {isa = PBXBuildFile; fileRef = 8BA3E2881E98E1D5000F1D3D /* KGCollectionViewCell.m */; };
		8BA3E28B1E98E1D5000F1D3D /* KGCollectionViewCell.xib in Resources */ = {isa = PBXBuildFile; fileRef = 8BA3E2891E98E1D5000F1D3D /* KGCollectionViewCell.xib */; };
		8BA3E2941E98E4F8000F1D3D /* MTCardLayout.m in Sources */ = {isa = PBXBuildFile; fileRef = 8BA3E28D1E98E4F8000F1D3D /* MTCardLayout.m */; };
		8BA3E2951E98E4F8000F1D3D /* UICollectionView+CardLayout.m in Sources */ = {isa = PBXBuildFile; fileRef = 8BA3E28F1E98E4F8000F1D3D /* UICollectionView+CardLayout.m */; };
		8BA3E2961E98E4F8000F1D3D /* MTCardLayoutHelper.m in Sources */ = {isa = PBXBuildFile; fileRef = 8BA3E2911E98E4F8000F1D3D /* MTCardLayoutHelper.m */; };
/* End PBXBuildFile section */

/* Begin PBXFileReference section */
		8B6721941E1E67600060E05B /* testCollectionView.app */ = {isa = PBXFileReference; explicitFileType = wrapper.application; includeInIndex = 0; path = testCollectionView.app; sourceTree = BUILT_PRODUCTS_DIR; };
		8B6721981E1E67600060E05B /* main.m */ = {isa = PBXFileReference; lastKnownFileType = sourcecode.c.objc; path = main.m; sourceTree = "<group>"; };
		8B67219A1E1E67600060E05B /* AppDelegate.h */ = {isa = PBXFileReference; lastKnownFileType = sourcecode.c.h; path = AppDelegate.h; sourceTree = "<group>"; };
		8B67219B1E1E67600060E05B /* AppDelegate.m */ = {isa = PBXFileReference; lastKnownFileType = sourcecode.c.objc; path = AppDelegate.m; sourceTree = "<group>"; };
		8B6721A11E1E67600060E05B /* Base */ = {isa = PBXFileReference; lastKnownFileType = file.storyboard; name = Base; path = Base.lproj/Main.storyboard; sourceTree = "<group>"; };
		8B6721A31E1E67600060E05B /* Assets.xcassets */ = {isa = PBXFileReference; lastKnownFileType = folder.assetcatalog; path = Assets.xcassets; sourceTree = "<group>"; };
		8B6721A61E1E67600060E05B /* Base */ = {isa = PBXFileReference; lastKnownFileType = file.storyboard; name = Base; path = Base.lproj/LaunchScreen.storyboard; sourceTree = "<group>"; };
		8B6721A81E1E67600060E05B /* Info.plist */ = {isa = PBXFileReference; lastKnownFileType = text.plist.xml; path = Info.plist; sourceTree = "<group>"; };
		8BA3E2771E981C67000F1D3D /* KGCollectionViewViewController.h */ = {isa = PBXFileReference; fileEncoding = 4; lastKnownFileType = sourcecode.c.h; path = KGCollectionViewViewController.h; sourceTree = "<group>"; };
		8BA3E2781E981C67000F1D3D /* KGCollectionViewViewController.m */ = {isa = PBXFileReference; fileEncoding = 4; lastKnownFileType = sourcecode.c.objc; path = KGCollectionViewViewController.m; sourceTree = "<group>"; };
		8BA3E2821E98E112000F1D3D /* KGSectionHeaderView.h */ = {isa = PBXFileReference; fileEncoding = 4; lastKnownFileType = sourcecode.c.h; path = KGSectionHeaderView.h; sourceTree = "<group>"; };
		8BA3E2831E98E112000F1D3D /* KGSectionHeaderView.m */ = {isa = PBXFileReference; fileEncoding = 4; lastKnownFileType = sourcecode.c.objc; path = KGSectionHeaderView.m; sourceTree = "<group>"; };
		8BA3E2841E98E112000F1D3D /* KGSectionHeaderView.xib */ = {isa = PBXFileReference; fileEncoding = 4; lastKnownFileType = file.xib; path = KGSectionHeaderView.xib; sourceTree = "<group>"; };
		8BA3E2871E98E1D5000F1D3D /* KGCollectionViewCell.h */ = {isa = PBXFileReference; fileEncoding = 4; lastKnownFileType = sourcecode.c.h; path = KGCollectionViewCell.h; sourceTree = "<group>"; };
		8BA3E2881E98E1D5000F1D3D /* KGCollectionViewCell.m */ = {isa = PBXFileReference; fileEncoding = 4; lastKnownFileType = sourcecode.c.objc; path = KGCollectionViewCell.m; sourceTree = "<group>"; };
		8BA3E2891E98E1D5000F1D3D /* KGCollectionViewCell.xib */ = {isa = PBXFileReference; fileEncoding = 4; lastKnownFileType = file.xib; path = KGCollectionViewCell.xib; sourceTree = "<group>"; };
		8BA3E28D1E98E4F8000F1D3D /* MTCardLayout.m */ = {isa = PBXFileReference; fileEncoding = 4; lastKnownFileType = sourcecode.c.objc; name = MTCardLayout.m; path = MTCardLayout/MTCardLayout.m; sourceTree = "<group>"; };
		8BA3E28E1E98E4F8000F1D3D /* MTCommonTypes.h */ = {isa = PBXFileReference; fileEncoding = 4; lastKnownFileType = sourcecode.c.h; name = MTCommonTypes.h; path = MTCardLayout/MTCommonTypes.h; sourceTree = "<group>"; };
		8BA3E28F1E98E4F8000F1D3D /* UICollectionView+CardLayout.m */ = {isa = PBXFileReference; fileEncoding = 4; lastKnownFileType = sourcecode.c.objc; name = "UICollectionView+CardLayout.m"; path = "MTCardLayout/UICollectionView+CardLayout.m"; sourceTree = "<group>"; };
		8BA3E2901E98E4F8000F1D3D /* UICollectionView+CardLayout.h */ = {isa = PBXFileReference; fileEncoding = 4; lastKnownFileType = sourcecode.c.h; name = "UICollectionView+CardLayout.h"; path = "MTCardLayout/UICollectionView+CardLayout.h"; sourceTree = "<group>"; };
		8BA3E2911E98E4F8000F1D3D /* MTCardLayoutHelper.m */ = {isa = PBXFileReference; fileEncoding = 4; lastKnownFileType = sourcecode.c.objc; name = MTCardLayoutHelper.m; path = MTCardLayout/MTCardLayoutHelper.m; sourceTree = "<group>"; };
		8BA3E2921E98E4F8000F1D3D /* MTCardLayoutHelper.h */ = {isa = PBXFileReference; fileEncoding = 4; lastKnownFileType = sourcecode.c.h; name = MTCardLayoutHelper.h; path = MTCardLayout/MTCardLayoutHelper.h; sourceTree = "<group>"; };
		8BA3E2931E98E4F8000F1D3D /* MTCardLayout.h */ = {isa = PBXFileReference; fileEncoding = 4; lastKnownFileType = sourcecode.c.h; name = MTCardLayout.h; path = MTCardLayout/MTCardLayout.h; sourceTree = "<group>"; };
/* End PBXFileReference section */

/* Begin PBXFrameworksBuildPhase section */
		8B6721911E1E67600060E05B /* Frameworks */ = {
			isa = PBXFrameworksBuildPhase;
			buildActionMask = 2147483647;
			files = (
			);
			runOnlyForDeploymentPostprocessing = 0;
		};
/* End PBXFrameworksBuildPhase section */

/* Begin PBXGroup section */
		8B67218B1E1E67600060E05B = {
			isa = PBXGroup;
			children = (
				8B6721961E1E67600060E05B /* testCollectionView */,
				8B6721951E1E67600060E05B /* Products */,
			);
			sourceTree = "<group>";
		};
		8B6721951E1E67600060E05B /* Products */ = {
			isa = PBXGroup;
			children = (
				8B6721941E1E67600060E05B /* testCollectionView.app */,
			);
			name = Products;
			sourceTree = "<group>";
		};
		8B6721961E1E67600060E05B /* testCollectionView */ = {
			isa = PBXGroup;
			children = (
				8BA3E28C1E98E4EB000F1D3D /* MTCardLayout */,
				8B67219A1E1E67600060E05B /* AppDelegate.h */,
				8B67219B1E1E67600060E05B /* AppDelegate.m */,
				8B6721A01E1E67600060E05B /* Main.storyboard */,
				8B6721A31E1E67600060E05B /* Assets.xcassets */,
				8B6721A51E1E67600060E05B /* LaunchScreen.storyboard */,
				8B6721A81E1E67600060E05B /* Info.plist */,
				8B6721971E1E67600060E05B /* Supporting Files */,
				8BA3E2771E981C67000F1D3D /* KGCollectionViewViewController.h */,
				8BA3E2781E981C67000F1D3D /* KGCollectionViewViewController.m */,
				8BA3E2821E98E112000F1D3D /* KGSectionHeaderView.h */,
				8BA3E2831E98E112000F1D3D /* KGSectionHeaderView.m */,
				8BA3E2841E98E112000F1D3D /* KGSectionHeaderView.xib */,
				8BA3E2871E98E1D5000F1D3D /* KGCollectionViewCell.h */,
				8BA3E2881E98E1D5000F1D3D /* KGCollectionViewCell.m */,
				8BA3E2891E98E1D5000F1D3D /* KGCollectionViewCell.xib */,
			);
			path = testCollectionView;
			sourceTree = "<group>";
		};
		8B6721971E1E67600060E05B /* Supporting Files */ = {
			isa = PBXGroup;
			children = (
				8B6721981E1E67600060E05B /* main.m */,
			);
			name = "Supporting Files";
			sourceTree = "<group>";
		};
		8BA3E28C1E98E4EB000F1D3D /* MTCardLayout */ = {
			isa = PBXGroup;
			children = (
				8BA3E2931E98E4F8000F1D3D /* MTCardLayout.h */,
				8BA3E28D1E98E4F8000F1D3D /* MTCardLayout.m */,
				8BA3E2921E98E4F8000F1D3D /* MTCardLayoutHelper.h */,
				8BA3E2911E98E4F8000F1D3D /* MTCardLayoutHelper.m */,
				8BA3E28E1E98E4F8000F1D3D /* MTCommonTypes.h */,
				8BA3E2901E98E4F8000F1D3D /* UICollectionView+CardLayout.h */,
				8BA3E28F1E98E4F8000F1D3D /* UICollectionView+CardLayout.m */,
			);
			name = MTCardLayout;
			sourceTree = "<group>";
		};
/* End PBXGroup section */

/* Begin PBXNativeTarget section */
		8B6721931E1E67600060E05B /* testCollectionView */ = {
			isa = PBXNativeTarget;
			buildConfigurationList = 8B6721AB1E1E67600060E05B /* Build configuration list for PBXNativeTarget "testCollectionView" */;
			buildPhases = (
				8B6721901E1E67600060E05B /* Sources */,
				8B6721911E1E67600060E05B /* Frameworks */,
				8B6721921E1E67600060E05B /* Resources */,
			);
			buildRules = (
			);
			dependencies = (
			);
			name = testCollectionView;
			productName = testCollectionView;
			productReference = 8B6721941E1E67600060E05B /* testCollectionView.app */;
			productType = "com.apple.product-type.application";
		};
/* End PBXNativeTarget section */

/* Begin PBXProject section */
		8B67218C1E1E67600060E05B /* Project object */ = {
			isa = PBXProject;
			attributes = {
				LastUpgradeCheck = 0820;
				ORGANIZATIONNAME = home;
				TargetAttributes = {
					8B6721931E1E67600060E05B = {
						CreatedOnToolsVersion = 8.2.1;
						DevelopmentTeam = U9T47G75JD;
						ProvisioningStyle = Automatic;
					};
				};
			};
			buildConfigurationList = 8B67218F1E1E67600060E05B /* Build configuration list for PBXProject "testCollectionView" */;
			compatibilityVersion = "Xcode 3.2";
			developmentRegion = English;
			hasScannedForEncodings = 0;
			knownRegions = (
				en,
				Base,
			);
			mainGroup = 8B67218B1E1E67600060E05B;
			productRefGroup = 8B6721951E1E67600060E05B /* Products */;
			projectDirPath = "";
			projectRoot = "";
			targets = (
				8B6721931E1E67600060E05B /* testCollectionView */,
			);
		};
/* End PBXProject section */

/* Begin PBXResourcesBuildPhase section */
		8B6721921E1E67600060E05B /* Resources */ = {
			isa = PBXResourcesBuildPhase;
			buildActionMask = 2147483647;
			files = (
				8B6721A71E1E67600060E05B /* LaunchScreen.storyboard in Resources */,
				8B6721A41E1E67600060E05B /* Assets.xcassets in Resources */,
				8B6721A21E1E67600060E05B /* Main.storyboard in Resources */,
				8BA3E2861E98E112000F1D3D /* KGSectionHeaderView.xib in Resources */,
				8BA3E28B1E98E1D5000F1D3D /* KGCollectionViewCell.xib in Resources */,
			);
			runOnlyForDeploymentPostprocessing = 0;
		};
/* End PBXResourcesBuildPhase section */

/* Begin PBXSourcesBuildPhase section */
		8B6721901E1E67600060E05B /* Sources */ = {
			isa = PBXSourcesBuildPhase;
			buildActionMask = 2147483647;
			files = (
				8BA3E2961E98E4F8000F1D3D /* MTCardLayoutHelper.m in Sources */,
				8BA3E2941E98E4F8000F1D3D /* MTCardLayout.m in Sources */,
				8BA3E2791E981C67000F1D3D /* KGCollectionViewViewController.m in Sources */,
				8B67219C1E1E67600060E05B /* AppDelegate.m in Sources */,
				8B6721991E1E67600060E05B /* main.m in Sources */,
				8BA3E2851E98E112000F1D3D /* KGSectionHeaderView.m in Sources */,
				8BA3E2951E98E4F8000F1D3D /* UICollectionView+CardLayout.m in Sources */,
				8BA3E28A1E98E1D5000F1D3D /* KGCollectionViewCell.m in Sources */,
			);
			runOnlyForDeploymentPostprocessing = 0;
		};
/* End PBXSourcesBuildPhase section */

/* Begin PBXVariantGroup section */
		8B6721A01E1E67600060E05B /* Main.storyboard */ = {
			isa = PBXVariantGroup;
			children = (
				8B6721A11E1E67600060E05B /* Base */,
			);
			name = Main.storyboard;
			sourceTree = "<group>";
		};
		8B6721A51E1E67600060E05B /* LaunchScreen.storyboard */ = {
			isa = PBXVariantGroup;
			children = (
				8B6721A61E1E67600060E05B /* Base */,
			);
			name = LaunchScreen.storyboard;
			sourceTree = "<group>";
		};
/* End PBXVariantGroup section */

/* Begin XCBuildConfiguration section */
		8B6721A91E1E67600060E05B /* Debug */ = {
			isa = XCBuildConfiguration;
			buildSettings = {
				ALWAYS_SEARCH_USER_PATHS = NO;
				CLANG_ANALYZER_NONNULL = YES;
				CLANG_CXX_LANGUAGE_STANDARD = "gnu++0x";
				CLANG_CXX_LIBRARY = "libc++";
				CLANG_ENABLE_MODULES = YES;
				CLANG_ENABLE_OBJC_ARC = YES;
				CLANG_WARN_BOOL_CONVERSION = YES;
				CLANG_WARN_CONSTANT_CONVERSION = YES;
				CLANG_WARN_DIRECT_OBJC_ISA_USAGE = YES_ERROR;
				CLANG_WARN_DOCUMENTATION_COMMENTS = YES;
				CLANG_WARN_EMPTY_BODY = YES;
				CLANG_WARN_ENUM_CONVERSION = YES;
				CLANG_WARN_INFINITE_RECURSION = YES;
				CLANG_WARN_INT_CONVERSION = YES;
				CLANG_WARN_OBJC_ROOT_CLASS = YES_ERROR;
				CLANG_WARN_SUSPICIOUS_MOVE = YES;
				CLANG_WARN_UNREACHABLE_CODE = YES;
				CLANG_WARN__DUPLICATE_METHOD_MATCH = YES;
				"CODE_SIGN_IDENTITY[sdk=iphoneos*]" = "iPhone Developer";
				COPY_PHASE_STRIP = NO;
				DEBUG_INFORMATION_FORMAT = dwarf;
				ENABLE_STRICT_OBJC_MSGSEND = YES;
				ENABLE_TESTABILITY = YES;
				GCC_C_LANGUAGE_STANDARD = gnu99;
				GCC_DYNAMIC_NO_PIC = NO;
				GCC_NO_COMMON_BLOCKS = YES;
				GCC_OPTIMIZATION_LEVEL = 0;
				GCC_PREPROCESSOR_DEFINITIONS = (
					"DEBUG=1",
					"$(inherited)",
				);
				GCC_WARN_64_TO_32_BIT_CONVERSION = YES;
				GCC_WARN_ABOUT_RETURN_TYPE = YES_ERROR;
				GCC_WARN_UNDECLARED_SELECTOR = YES;
				GCC_WARN_UNINITIALIZED_AUTOS = YES_AGGRESSIVE;
				GCC_WARN_UNUSED_FUNCTION = YES;
				GCC_WARN_UNUSED_VARIABLE = YES;
				IPHONEOS_DEPLOYMENT_TARGET = 8.1;
				MTL_ENABLE_DEBUG_INFO = YES;
				ONLY_ACTIVE_ARCH = YES;
				SDKROOT = iphoneos;
				TARGETED_DEVICE_FAMILY = "1,2";
			};
			name = Debug;
		};
		8B6721AA1E1E67600060E05B /* Release */ = {
			isa = XCBuildConfiguration;
			buildSettings = {
				ALWAYS_SEARCH_USER_PATHS = NO;
				CLANG_ANALYZER_NONNULL = YES;
				CLANG_CXX_LANGUAGE_STANDARD = "gnu++0x";
				CLANG_CXX_LIBRARY = "libc++";
				CLANG_ENABLE_MODULES = YES;
				CLANG_ENABLE_OBJC_ARC = YES;
				CLANG_WARN_BOOL_CONVERSION = YES;
				CLANG_WARN_CONSTANT_CONVERSION = YES;
				CLANG_WARN_DIRECT_OBJC_ISA_USAGE = YES_ERROR;
				CLANG_WARN_DOCUMENTATION_COMMENTS = YES;
				CLANG_WARN_EMPTY_BODY = YES;
				CLANG_WARN_ENUM_CONVERSION = YES;
				CLANG_WARN_INFINITE_RECURSION = YES;
				CLANG_WARN_INT_CONVERSION = YES;
				CLANG_WARN_OBJC_ROOT_CLASS = YES_ERROR;
				CLANG_WARN_SUSPICIOUS_MOVE = YES;
				CLANG_WARN_UNREACHABLE_CODE = YES;
				CLANG_WARN__DUPLICATE_METHOD_MATCH = YES;
				"CODE_SIGN_IDENTITY[sdk=iphoneos*]" = "iPhone Developer";
				COPY_PHASE_STRIP = NO;
				DEBUG_INFORMATION_FORMAT = "dwarf-with-dsym";
				ENABLE_NS_ASSERTIONS = NO;
				ENABLE_STRICT_OBJC_MSGSEND = YES;
				GCC_C_LANGUAGE_STANDARD = gnu99;
				GCC_NO_COMMON_BLOCKS = YES;
				GCC_WARN_64_TO_32_BIT_CONVERSION = YES;
				GCC_WARN_ABOUT_RETURN_TYPE = YES_ERROR;
				GCC_WARN_UNDECLARED_SELECTOR = YES;
				GCC_WARN_UNINITIALIZED_AUTOS = YES_AGGRESSIVE;
				GCC_WARN_UNUSED_FUNCTION = YES;
				GCC_WARN_UNUSED_VARIABLE = YES;
				IPHONEOS_DEPLOYMENT_TARGET = 8.1;
				MTL_ENABLE_DEBUG_INFO = NO;
				SDKROOT = iphoneos;
				TARGETED_DEVICE_FAMILY = "1,2";
				VALIDATE_PRODUCT = YES;
			};
			name = Release;
		};
		8B6721AC1E1E67600060E05B /* Debug */ = {
			isa = XCBuildConfiguration;
			buildSettings = {
				ASSETCATALOG_COMPILER_APPICON_NAME = AppIcon;
				DEVELOPMENT_TEAM = U9T47G75JD;
				INFOPLIST_FILE = testCollectionView/Info.plist;
				LD_RUNPATH_SEARCH_PATHS = "$(inherited) @executable_path/Frameworks";
				PRODUCT_BUNDLE_IDENTIFIER = home.testCollectionView;
				PRODUCT_NAME = "$(TARGET_NAME)";
			};
			name = Debug;
		};
		8B6721AD1E1E67600060E05B /* Release */ = {
			isa = XCBuildConfiguration;
			buildSettings = {
				ASSETCATALOG_COMPILER_APPICON_NAME = AppIcon;
				DEVELOPMENT_TEAM = U9T47G75JD;
				INFOPLIST_FILE = testCollectionView/Info.plist;
				LD_RUNPATH_SEARCH_PATHS = "$(inherited) @executable_path/Frameworks";
				PRODUCT_BUNDLE_IDENTIFIER = home.testCollectionView;
				PRODUCT_NAME = "$(TARGET_NAME)";
			};
			name = Release;
		};
/* End XCBuildConfiguration section */

/* Begin XCConfigurationList section */
		8B67218F1E1E67600060E05B /* Build configuration list for PBXProject "testCollectionView" */ = {
			isa = XCConfigurationList;
			buildConfigurations = (
				8B6721A91E1E67600060E05B /* Debug */,
				8B6721AA1E1E67600060E05B /* Release */,
			);
			defaultConfigurationIsVisible = 0;
			defaultConfigurationName = Release;
		};
		8B6721AB1E1E67600060E05B /* Build configuration list for PBXNativeTarget "testCollectionView" */ = {
			isa = XCConfigurationList;
			buildConfigurations = (
				8B6721AC1E1E67600060E05B /* Debug */,
				8B6721AD1E1E67600060E05B /* Release */,
			);
			defaultConfigurationIsVisible = 0;
			defaultConfigurationName = Release;
		};
/* End XCConfigurationList section */
	};
	rootObject = 8B67218C1E1E67600060E05B /* Project object */;
}
